// !$*UTF8*$!
{
	archiveVersion = 1;
	classes = {
	};
	objectVersion = 46;
	objects = {

/* Begin PBXBuildFile section */
		5AB746981E56FF2D0053C12A /* AppDelegate.swift in Sources */ = {isa = PBXBuildFile; fileRef = 5AB746971E56FF2D0053C12A /* AppDelegate.swift */; };
		5AB7469D1E56FF2D0053C12A /* Main.storyboard in Resources */ = {isa = PBXBuildFile; fileRef = 5AB7469B1E56FF2D0053C12A /* Main.storyboard */; };
		5AB7469F1E56FF2D0053C12A /* Assets.xcassets in Resources */ = {isa = PBXBuildFile; fileRef = 5AB7469E1E56FF2D0053C12A /* Assets.xcassets */; };
		5AB746A21E56FF2D0053C12A /* LaunchScreen.storyboard in Resources */ = {isa = PBXBuildFile; fileRef = 5AB746A01E56FF2D0053C12A /* LaunchScreen.storyboard */; };
		5AB746AB1E56FF950053C12A /* ImageViewController.swift in Sources */ = {isa = PBXBuildFile; fileRef = 5AB746AA1E56FF950053C12A /* ImageViewController.swift */; };
		5AB746AD1E5701CE0053C12A /* DemoURL.swift in Sources */ = {isa = PBXBuildFile; fileRef = 5AB746AC1E5701CE0053C12A /* DemoURL.swift */; };
		5AB746AF1E5719010053C12A /* CassiniViewController.swift in Sources */ = {isa = PBXBuildFile; fileRef = 5AB746AE1E5719010053C12A /* CassiniViewController.swift */; };
/* End PBXBuildFile section */

/* Begin PBXFileReference section */
		5AB746941E56FF2D0053C12A /* Cassini.app */ = {isa = PBXFileReference; explicitFileType = wrapper.application; includeInIndex = 0; path = Cassini.app; sourceTree = BUILT_PRODUCTS_DIR; };
		5AB746971E56FF2D0053C12A /* AppDelegate.swift */ = {isa = PBXFileReference; lastKnownFileType = sourcecode.swift; path = AppDelegate.swift; sourceTree = "<group>"; };
		5AB7469C1E56FF2D0053C12A /* Base */ = {isa = PBXFileReference; lastKnownFileType = file.storyboard; name = Base; path = Base.lproj/Main.storyboard; sourceTree = "<group>"; };
		5AB7469E1E56FF2D0053C12A /* Assets.xcassets */ = {isa = PBXFileReference; lastKnownFileType = folder.assetcatalog; path = Assets.xcassets; sourceTree = "<group>"; };
		5AB746A11E56FF2D0053C12A /* Base */ = {isa = PBXFileReference; lastKnownFileType = file.storyboard; name = Base; path = Base.lproj/LaunchScreen.storyboard; sourceTree = "<group>"; };
		5AB746A31E56FF2D0053C12A /* Info.plist */ = {isa = PBXFileReference; lastKnownFileType = text.plist.xml; path = Info.plist; sourceTree = "<group>"; };
		5AB746AA1E56FF950053C12A /* ImageViewController.swift */ = {isa = PBXFileReference; fileEncoding = 4; lastKnownFileType = sourcecode.swift; path = ImageViewController.swift; sourceTree = "<group>"; };
		5AB746AC1E5701CE0053C12A /* DemoURL.swift */ = {isa = PBXFileReference; fileEncoding = 4; lastKnownFileType = sourcecode.swift; path = DemoURL.swift; sourceTree = "<group>"; };
		5AB746AE1E5719010053C12A /* CassiniViewController.swift */ = {isa = PBXFileReference; fileEncoding = 4; lastKnownFileType = sourcecode.swift; path = CassiniViewController.swift; sourceTree = "<group>"; };
/* End PBXFileReference section */

/* Begin PBXFrameworksBuildPhase section */
		5AB746911E56FF2D0053C12A /* Frameworks */ = {
			isa = PBXFrameworksBuildPhase;
			buildActionMask = 2147483647;
			files = (
			);
			runOnlyForDeploymentPostprocessing = 0;
		};
/* End PBXFrameworksBuildPhase section */

/* Begin PBXGroup section */
		5AB7468B1E56FF2D0053C12A = {
			isa = PBXGroup;
			children = (
				5AB746961E56FF2D0053C12A /* Cassini */,
				5AB746951E56FF2D0053C12A /* Products */,
			);
			sourceTree = "<group>";
		};
		5AB746951E56FF2D0053C12A /* Products */ = {
			isa = PBXGroup;
			children = (
				5AB746941E56FF2D0053C12A /* Cassini.app */,
			);
			name = Products;
			sourceTree = "<group>";
		};
		5AB746961E56FF2D0053C12A /* Cassini */ = {
			isa = PBXGroup;
			children = (
				5AB746AA1E56FF950053C12A /* ImageViewController.swift */,
				5AB746AC1E5701CE0053C12A /* DemoURL.swift */,
				5AB7469B1E56FF2D0053C12A /* Main.storyboard */,
				5AB746AE1E5719010053C12A /* CassiniViewController.swift */,
				5AB746A31E56FF2D0053C12A /* Info.plist */,
				5AB746A91E56FF370053C12A /* Supporting Files */,
			);
			path = Cassini;
			sourceTree = "<group>";
		};
		5AB746A91E56FF370053C12A /* Supporting Files */ = {
			isa = PBXGroup;
			children = (
				5AB746971E56FF2D0053C12A /* AppDelegate.swift */,
				5AB7469E1E56FF2D0053C12A /* Assets.xcassets */,
				5AB746A01E56FF2D0053C12A /* LaunchScreen.storyboard */,
			);
			name = "Supporting Files";
			sourceTree = "<group>";
		};
/* End PBXGroup section */

/* Begin PBXNativeTarget section */
		5AB746931E56FF2D0053C12A /* Cassini */ = {
			isa = PBXNativeTarget;
			buildConfigurationList = 5AB746A61E56FF2D0053C12A /* Build configuration list for PBXNativeTarget "Cassini" */;
			buildPhases = (
				5AB746901E56FF2D0053C12A /* Sources */,
				5AB746911E56FF2D0053C12A /* Frameworks */,
				5AB746921E56FF2D0053C12A /* Resources */,
			);
			buildRules = (
			);
			dependencies = (
			);
			name = Cassini;
			productName = Cassini;
			productReference = 5AB746941E56FF2D0053C12A /* Cassini.app */;
			productType = "com.apple.product-type.application";
		};
/* End PBXNativeTarget section */

/* Begin PBXProject section */
		5AB7468C1E56FF2D0053C12A /* Project object */ = {
			isa = PBXProject;
			attributes = {
				LastSwiftUpdateCheck = 0820;
				LastUpgradeCheck = 0820;
				ORGANIZATIONNAME = "Sasa's Macbook";
				TargetAttributes = {
					5AB746931E56FF2D0053C12A = {
						CreatedOnToolsVersion = 8.2.1;
						DevelopmentTeam = FXK3UK85ZR;
						ProvisioningStyle = Automatic;
					};
				};
			};
			buildConfigurationList = 5AB7468F1E56FF2D0053C12A /* Build configuration list for PBXProject "Cassini" */;
			compatibilityVersion = "Xcode 3.2";
			developmentRegion = English;
			hasScannedForEncodings = 0;
			knownRegions = (
				en,
				Base,
			);
			mainGroup = 5AB7468B1E56FF2D0053C12A;
			productRefGroup = 5AB746951E56FF2D0053C12A /* Products */;
			projectDirPath = "";
			projectRoot = "";
			targets = (
				5AB746931E56FF2D0053C12A /* Cassini */,
			);
		};
/* End PBXProject section */

/* Begin PBXResourcesBuildPhase section */
		5AB746921E56FF2D0053C12A /* Resources */ = {
			isa = PBXResourcesBuildPhase;
			buildActionMask = 2147483647;
			files = (
				5AB746A21E56FF2D0053C12A /* LaunchScreen.storyboard in Resources */,
				5AB7469F1E56FF2D0053C12A /* Assets.xcassets in Resources */,
				5AB7469D1E56FF2D0053C12A /* Main.storyboard in Resources */,
			);
			runOnlyForDeploymentPostprocessing = 0;
		};
/* End PBXResourcesBuildPhase section */

/* Begin PBXSourcesBuildPhase section */
		5AB746901E56FF2D0053C12A /* Sources */ = {
			isa = PBXSourcesBuildPhase;
			buildActionMask = 2147483647;
			files = (
				5AB746AB1E56FF950053C12A /* ImageViewController.swift in Sources */,
				5AB746981E56FF2D0053C12A /* AppDelegate.swift in Sources */,
				5AB746AD1E5701CE0053C12A /* DemoURL.swift in Sources */,
				5AB746AF1E5719010053C12A /* CassiniViewController.swift in Sources */,
			);
			runOnlyForDeploymentPostprocessing = 0;
		};
/* End PBXSourcesBuildPhase section */

/* Begin PBXVariantGroup section */
		5AB7469B1E56FF2D0053C12A /* Main.storyboard */ = {
			isa = PBXVariantGroup;
			children = (
				5AB7469C1E56FF2D0053C12A /* Base */,
			);
			name = Main.storyboard;
			sourceTree = "<group>";
		};
		5AB746A01E56FF2D0053C12A /* LaunchScreen.storyboard */ = {
			isa = PBXVariantGroup;
			children = (
				5AB746A11E56FF2D0053C12A /* Base */,
			);
			name = LaunchScreen.storyboard;
			sourceTree = "<group>";
		};
/* End PBXVariantGroup section */

/* Begin XCBuildConfiguration section */
		5AB746A41E56FF2D0053C12A /* Debug */ = {
			isa = XCBuildConfiguration;
			buildSettings = {
				ALWAYS_SEARCH_USER_PATHS = NO;
				CLANG_ANALYZER_NONNULL = YES;
				CLANG_CXX_LANGUAGE_STANDARD = "gnu++0x";
				CLANG_CXX_LIBRARY = "libc++";
				CLANG_ENABLE_MODULES = YES;
				CLANG_ENABLE_OBJC_ARC = YES;
				CLANG_WARN_BOOL_CONVERSION = YES;
				CLANG_WARN_CONSTANT_CONVERSION = YES;
				CLANG_WARN_DIRECT_OBJC_ISA_USAGE = YES_ERROR;
				CLANG_WARN_DOCUMENTATION_COMMENTS = YES;
				CLANG_WARN_EMPTY_BODY = YES;
				CLANG_WARN_ENUM_CONVERSION = YES;
				CLANG_WARN_INFINITE_RECURSION = YES;
				CLANG_WARN_INT_CONVERSION = YES;
				CLANG_WARN_OBJC_ROOT_CLASS = YES_ERROR;
				CLANG_WARN_SUSPICIOUS_MOVE = YES;
				CLANG_WARN_UNREACHABLE_CODE = YES;
				CLANG_WARN__DUPLICATE_METHOD_MATCH = YES;
				"CODE_SIGN_IDENTITY[sdk=iphoneos*]" = "iPhone Developer";
				COPY_PHASE_STRIP = NO;
				DEBUG_INFORMATION_FORMAT = dwarf;
				ENABLE_STRICT_OBJC_MSGSEND = YES;
				ENABLE_TESTABILITY = YES;
				GCC_C_LANGUAGE_STANDARD = gnu99;
				GCC_DYNAMIC_NO_PIC = NO;
				GCC_NO_COMMON_BLOCKS = YES;
				GCC_OPTIMIZATION_LEVEL = 0;
				GCC_PREPROCESSOR_DEFINITIONS = (
					"DEBUG=1",
					"$(inherited)",
				);
				GCC_WARN_64_TO_32_BIT_CONVERSION = YES;
				GCC_WARN_ABOUT_RETURN_TYPE = YES_ERROR;
				GCC_WARN_UNDECLARED_SELECTOR = YES;
				GCC_WARN_UNINITIALIZED_AUTOS = YES_AGGRESSIVE;
				GCC_WARN_UNUSED_FUNCTION = YES;
				GCC_WARN_UNUSED_VARIABLE = YES;
				IPHONEOS_DEPLOYMENT_TARGET = 10.2;
				MTL_ENABLE_DEBUG_INFO = YES;
				ONLY_ACTIVE_ARCH = YES;
				SDKROOT = iphoneos;
				SWIFT_ACTIVE_COMPILATION_CONDITIONS = DEBUG;
				SWIFT_OPTIMIZATION_LEVEL = "-Onone";
				TARGETED_DEVICE_FAMILY = "1,2";
			};
			name = Debug;
		};
		5AB746A51E56FF2D0053C12A /* Release */ = {
			isa = XCBuildConfiguration;
			buildSettings = {
				ALWAYS_SEARCH_USER_PATHS = NO;
				CLANG_ANALYZER_NONNULL = YES;
				CLANG_CXX_LANGUAGE_STANDARD = "gnu++0x";
				CLANG_CXX_LIBRARY = "libc++";
				CLANG_ENABLE_MODULES = YES;
				CLANG_ENABLE_OBJC_ARC = YES;
				CLANG_WARN_BOOL_CONVERSION = YES;
				CLANG_WARN_CONSTANT_CONVERSION = YES;
				CLANG_WARN_DIRECT_OBJC_ISA_USAGE = YES_ERROR;
				CLANG_WARN_DOCUMENTATION_COMMENTS = YES;
				CLANG_WARN_EMPTY_BODY = YES;
				CLANG_WARN_ENUM_CONVERSION = YES;
				CLANG_WARN_INFINITE_RECURSION = YES;
				CLANG_WARN_INT_CONVERSION = YES;
				CLANG_WARN_OBJC_ROOT_CLASS = YES_ERROR;
				CLANG_WARN_SUSPICIOUS_MOVE = YES;
				CLANG_WARN_UNREACHABLE_CODE = YES;
				CLANG_WARN__DUPLICATE_METHOD_MATCH = YES;
				"CODE_SIGN_IDENTITY[sdk=iphoneos*]" = "iPhone Developer";
				COPY_PHASE_STRIP = NO;
				DEBUG_INFORMATION_FORMAT = "dwarf-with-dsym";
				ENABLE_NS_ASSERTIONS = NO;
				ENABLE_STRICT_OBJC_MSGSEND = YES;
				GCC_C_LANGUAGE_STANDARD = gnu99;
				GCC_NO_COMMON_BLOCKS = YES;
				GCC_WARN_64_TO_32_BIT_CONVERSION = YES;
				GCC_WARN_ABOUT_RETURN_TYPE = YES_ERROR;
				GCC_WARN_UNDECLARED_SELECTOR = YES;
				GCC_WARN_UNINITIALIZED_AUTOS = YES_AGGRESSIVE;
				GCC_WARN_UNUSED_FUNCTION = YES;
				GCC_WARN_UNUSED_VARIABLE = YES;
				IPHONEOS_DEPLOYMENT_TARGET = 10.2;
				MTL_ENABLE_DEBUG_INFO = NO;
				SDKROOT = iphoneos;
				SWIFT_OPTIMIZATION_LEVEL = "-Owholemodule";
				TARGETED_DEVICE_FAMILY = "1,2";
				VALIDATE_PRODUCT = YES;
			};
			name = Release;
		};
		5AB746A71E56FF2D0053C12A /* Debug */ = {
			isa = XCBuildConfiguration;
			buildSettings = {
				ASSETCATALOG_COMPILER_APPICON_NAME = AppIcon;
				DEVELOPMENT_TEAM = FXK3UK85ZR;
				INFOPLIST_FILE = Cassini/Info.plist;
				LD_RUNPATH_SEARCH_PATHS = "$(inherited) @executable_path/Frameworks";
				PRODUCT_BUNDLE_IDENTIFIER = com.xxs.Cassini;
				PRODUCT_NAME = "$(TARGET_NAME)";
				SWIFT_VERSION = 3.0;
			};
			name = Debug;
		};
		5AB746A81E56FF2D0053C12A /* Release */ = {
			isa = XCBuildConfiguration;
			buildSettings = {
				ASSETCATALOG_COMPILER_APPICON_NAME = AppIcon;
				DEVELOPMENT_TEAM = FXK3UK85ZR;
				INFOPLIST_FILE = Cassini/Info.plist;
				LD_RUNPATH_SEARCH_PATHS = "$(inherited) @executable_path/Frameworks";
				PRODUCT_BUNDLE_IDENTIFIER = com.xxs.Cassini;
				PRODUCT_NAME = "$(TARGET_NAME)";
				SWIFT_VERSION = 3.0;
			};
			name = Release;
		};
/* End XCBuildConfiguration section */

/* Begin XCConfigurationList section */
		5AB7468F1E56FF2D0053C12A /* Build configuration list for PBXProject "Cassini" */ = {
			isa = XCConfigurationList;
			buildConfigurations = (
				5AB746A41E56FF2D0053C12A /* Debug */,
				5AB746A51E56FF2D0053C12A /* Release */,
			);
			defaultConfigurationIsVisible = 0;
			defaultConfigurationName = Release;
		};
		5AB746A61E56FF2D0053C12A /* Build configuration list for PBXNativeTarget "Cassini" */ = {
			isa = XCConfigurationList;
			buildConfigurations = (
				5AB746A71E56FF2D0053C12A /* Debug */,
				5AB746A81E56FF2D0053C12A /* Release */,
			);
			defaultConfigurationIsVisible = 0;
		};
/* End XCConfigurationList section */
	};
	rootObject = 5AB7468C1E56FF2D0053C12A /* Project object */;
}
